<?xml version="1.0" encoding="UTF-8"?>
<!DOCTYPE plist PUBLIC "-//Apple//DTD PLIST 1.0//EN" "http://www.apple.com/DTDs/PropertyList-1.0.dtd">
<plist version="1.0">
<dict>
	<key>archiveVersion</key>
	<string>1</string>
	<key>classes</key>
	<dict/>
	<key>objectVersion</key>
	<string>46</string>
	<key>objects</key>
	<dict>
		<key>158700A83D7FBBA5946F29F4</key>
		<dict>
			<key>includeInIndex</key>
			<string>1</string>
			<key>isa</key>
			<string>PBXFileReference</string>
			<key>lastKnownFileType</key>
			<string>text.xcconfig</string>
			<key>name</key>
			<string>Pods.debug.xcconfig</string>
			<key>path</key>
			<string>Pods/Target Support Files/Pods/Pods.debug.xcconfig</string>
			<key>sourceTree</key>
			<string>&lt;group&gt;</string>
		</dict>
		<key>26283840F00D2CC427A85EA0</key>
		<dict>
			<key>fileRef</key>
			<string>F7D82590F8C5F24BE5317715</string>
			<key>isa</key>
			<string>PBXBuildFile</string>
			<key>settings</key>
			<dict>
				<key>ATTRIBUTES</key>
				<array>
					<string>Weak</string>
				</array>
			</dict>
		</dict>
		<key>612021F01A88CCFD0049DA2A</key>
		<dict>
			<key>children</key>
			<array>
				<string>613A66891A85BA390046DEB8</string>
			</array>
			<key>isa</key>
			<string>PBXGroup</string>
			<key>path</key>
			<string>controllers</string>
			<key>sourceTree</key>
			<string>&lt;group&gt;</string>
		</dict>
		<key>612021F11A88CD080049DA2A</key>
		<dict>
			<key>children</key>
			<array>
				<string>613A66901A85BA390046DEB8</string>
				<string>613A668E1A85BA390046DEB8</string>
				<string>613A668B1A85BA390046DEB8</string>
			</array>
			<key>isa</key>
			<string>PBXGroup</string>
			<key>path</key>
			<string>views</string>
			<key>sourceTree</key>
			<string>&lt;group&gt;</string>
		</dict>
		<key>612021F21A88CD130049DA2A</key>
		<dict>
			<key>children</key>
			<array>
				<string>612021F31A88CD570049DA2A</string>
			</array>
			<key>isa</key>
			<string>PBXGroup</string>
			<key>path</key>
			<string>models</string>
			<key>sourceTree</key>
			<string>&lt;group&gt;</string>
		</dict>
		<key>612021F31A88CD570049DA2A</key>
		<dict>
			<key>fileEncoding</key>
			<string>4</string>
			<key>isa</key>
			<string>PBXFileReference</string>
			<key>lastKnownFileType</key>
			<string>sourcecode.swift</string>
			<key>path</key>
			<string>Person.swift</string>
			<key>sourceTree</key>
			<string>&lt;group&gt;</string>
		</dict>
		<key>612021F41A88CD570049DA2A</key>
		<dict>
			<key>fileRef</key>
			<string>612021F31A88CD570049DA2A</string>
			<key>isa</key>
			<string>PBXBuildFile</string>
		</dict>
		<key>612021F51A88CD8F0049DA2A</key>
		<dict>
			<key>children</key>
			<array>
				<string>612021F61A88CDA80049DA2A</string>
			</array>
			<key>isa</key>
			<string>PBXGroup</string>
			<key>path</key>
			<string>services</string>
			<key>sourceTree</key>
			<string>&lt;group&gt;</string>
		</dict>
		<key>612021F61A88CDA80049DA2A</key>
		<dict>
			<key>fileEncoding</key>
			<string>4</string>
			<key>isa</key>
			<string>PBXFileReference</string>
			<key>lastKnownFileType</key>
			<string>sourcecode.swift</string>
			<key>path</key>
			<string>LoginService.swift</string>
			<key>sourceTree</key>
			<string>&lt;group&gt;</string>
		</dict>
		<key>612021F71A88CDA80049DA2A</key>
		<dict>
			<key>fileRef</key>
			<string>612021F61A88CDA80049DA2A</string>
			<key>isa</key>
			<string>PBXBuildFile</string>
		</dict>
		<key>613A667F1A85BA390046DEB8</key>
		<dict>
			<key>buildActionMask</key>
			<string>2147483647</string>
			<key>files</key>
			<array>
				<string>612021F41A88CD570049DA2A</string>
				<string>613A668A1A85BA390046DEB8</string>
				<string>612021F71A88CDA80049DA2A</string>
				<string>613A66881A85BA390046DEB8</string>
			</array>
			<key>isa</key>
			<string>PBXSourcesBuildPhase</string>
			<key>runOnlyForDeploymentPostprocessing</key>
			<string>0</string>
		</dict>
		<key>613A66801A85BA390046DEB8</key>
		<dict>
			<key>buildActionMask</key>
			<string>2147483647</string>
			<key>files</key>
			<array>
				<string>613A66AE1A85BCE40046DEB8</string>
			</array>
			<key>isa</key>
			<string>PBXFrameworksBuildPhase</string>
			<key>runOnlyForDeploymentPostprocessing</key>
			<string>0</string>
		</dict>
		<key>613A66811A85BA390046DEB8</key>
		<dict>
			<key>buildActionMask</key>
			<string>2147483647</string>
			<key>files</key>
			<array>
				<string>613A668D1A85BA390046DEB8</string>
				<string>613A66921A85BA390046DEB8</string>
				<string>613A668F1A85BA390046DEB8</string>
			</array>
			<key>isa</key>
			<string>PBXResourcesBuildPhase</string>
			<key>runOnlyForDeploymentPostprocessing</key>
			<string>0</string>
		</dict>
		<key>613A66821A85BA390046DEB8</key>
		<dict>
			<key>buildConfigurationList</key>
			<string>613A66A31A85BA390046DEB8</string>
			<key>buildPhases</key>
			<array>
				<string>613A667F1A85BA390046DEB8</string>
				<string>613A66801A85BA390046DEB8</string>
				<string>613A66811A85BA390046DEB8</string>
			</array>
			<key>buildRules</key>
			<array/>
			<key>dependencies</key>
			<array>
				<string>613A66AD1A85BC770046DEB8</string>
			</array>
			<key>isa</key>
			<string>PBXNativeTarget</string>
			<key>name</key>
			<string>Example</string>
			<key>productName</key>
			<string>Example</string>
			<key>productReference</key>
			<string>613A66831A85BA390046DEB8</string>
			<key>productType</key>
			<string>com.apple.product-type.application</string>
		</dict>
		<key>613A66831A85BA390046DEB8</key>
		<dict>
			<key>explicitFileType</key>
			<string>wrapper.application</string>
			<key>includeInIndex</key>
			<string>0</string>
			<key>isa</key>
			<string>PBXFileReference</string>
			<key>path</key>
			<string>Example.app</string>
			<key>sourceTree</key>
			<string>BUILT_PRODUCTS_DIR</string>
		</dict>
		<key>613A66841A85BA390046DEB8</key>
		<dict>
			<key>children</key>
			<array>
				<string>61D3065A1A890C8300039AA8</string>
				<string>612021F51A88CD8F0049DA2A</string>
				<string>612021F21A88CD130049DA2A</string>
				<string>612021F11A88CD080049DA2A</string>
				<string>612021F01A88CCFD0049DA2A</string>
				<string>613A66851A85BA390046DEB8</string>
			</array>
			<key>isa</key>
			<string>PBXGroup</string>
			<key>path</key>
			<string>Example</string>
			<key>sourceTree</key>
			<string>&lt;group&gt;</string>
		</dict>
		<key>613A66851A85BA390046DEB8</key>
		<dict>
			<key>children</key>
			<array>
				<string>613A66861A85BA390046DEB8</string>
			</array>
			<key>isa</key>
			<string>PBXGroup</string>
			<key>path</key>
			<string>Supporting Files</string>
			<key>sourceTree</key>
			<string>&lt;group&gt;</string>
		</dict>
		<key>613A66861A85BA390046DEB8</key>
		<dict>
			<key>isa</key>
			<string>PBXFileReference</string>
			<key>lastKnownFileType</key>
			<string>text.plist.xml</string>
			<key>path</key>
			<string>Info.plist</string>
			<key>sourceTree</key>
			<string>&lt;group&gt;</string>
		</dict>
		<key>613A66871A85BA390046DEB8</key>
		<dict>
			<key>isa</key>
			<string>PBXFileReference</string>
			<key>lastKnownFileType</key>
			<string>sourcecode.swift</string>
			<key>path</key>
			<string>AppDelegate.swift</string>
			<key>sourceTree</key>
			<string>&lt;group&gt;</string>
		</dict>
		<key>613A66881A85BA390046DEB8</key>
		<dict>
			<key>fileRef</key>
			<string>613A66871A85BA390046DEB8</string>
			<key>isa</key>
			<string>PBXBuildFile</string>
		</dict>
		<key>613A66891A85BA390046DEB8</key>
		<dict>
			<key>isa</key>
			<string>PBXFileReference</string>
			<key>lastKnownFileType</key>
			<string>sourcecode.swift</string>
			<key>path</key>
			<string>ViewController.swift</string>
			<key>sourceTree</key>
			<string>&lt;group&gt;</string>
		</dict>
		<key>613A668A1A85BA390046DEB8</key>
		<dict>
			<key>fileRef</key>
			<string>613A66891A85BA390046DEB8</string>
			<key>isa</key>
			<string>PBXBuildFile</string>
		</dict>
		<key>613A668B1A85BA390046DEB8</key>
		<dict>
			<key>children</key>
			<array>
				<string>613A668C1A85BA390046DEB8</string>
			</array>
			<key>isa</key>
			<string>PBXVariantGroup</string>
			<key>name</key>
			<string>Main.storyboard</string>
			<key>path</key>
			<string>.</string>
			<key>sourceTree</key>
			<string>&lt;group&gt;</string>
		</dict>
		<key>613A668C1A85BA390046DEB8</key>
		<dict>
			<key>isa</key>
			<string>PBXFileReference</string>
			<key>lastKnownFileType</key>
			<string>file.storyboard</string>
			<key>name</key>
			<string>Base</string>
			<key>path</key>
			<string>Base.lproj/Main.storyboard</string>
			<key>sourceTree</key>
			<string>&lt;group&gt;</string>
		</dict>
		<key>613A668D1A85BA390046DEB8</key>
		<dict>
			<key>fileRef</key>
			<string>613A668B1A85BA390046DEB8</string>
			<key>isa</key>
			<string>PBXBuildFile</string>
		</dict>
		<key>613A668E1A85BA390046DEB8</key>
		<dict>
			<key>isa</key>
			<string>PBXFileReference</string>
			<key>lastKnownFileType</key>
			<string>folder.assetcatalog</string>
			<key>path</key>
			<string>Images.xcassets</string>
			<key>sourceTree</key>
			<string>&lt;group&gt;</string>
		</dict>
		<key>613A668F1A85BA390046DEB8</key>
		<dict>
			<key>fileRef</key>
			<string>613A668E1A85BA390046DEB8</string>
			<key>isa</key>
			<string>PBXBuildFile</string>
		</dict>
		<key>613A66901A85BA390046DEB8</key>
		<dict>
			<key>children</key>
			<array>
				<string>613A66911A85BA390046DEB8</string>
			</array>
			<key>isa</key>
			<string>PBXVariantGroup</string>
			<key>name</key>
			<string>LaunchScreen.xib</string>
			<key>path</key>
			<string>.</string>
			<key>sourceTree</key>
			<string>&lt;group&gt;</string>
		</dict>
		<key>613A66911A85BA390046DEB8</key>
		<dict>
			<key>isa</key>
			<string>PBXFileReference</string>
			<key>lastKnownFileType</key>
			<string>file.xib</string>
			<key>name</key>
			<string>Base</string>
			<key>path</key>
			<string>Base.lproj/LaunchScreen.xib</string>
			<key>sourceTree</key>
			<string>&lt;group&gt;</string>
		</dict>
		<key>613A66921A85BA390046DEB8</key>
		<dict>
			<key>fileRef</key>
			<string>613A66901A85BA390046DEB8</string>
			<key>isa</key>
			<string>PBXBuildFile</string>
		</dict>
		<key>613A669F1A85BA390046DEB8</key>
		<dict>
			<key>buildSettings</key>
			<dict>
				<key>ASSETCATALOG_COMPILER_APPICON_NAME</key>
				<string>AppIcon</string>
				<key>GCC_PREPROCESSOR_DEFINITIONS</key>
				<array>
					<string>DEBUG=1</string>
					<string>$(inherited)</string>
				</array>
				<key>INFOPLIST_FILE</key>
				<string>Example/Supporting Files/Info.plist</string>
				<key>LD_RUNPATH_SEARCH_PATHS</key>
				<string>$(inherited) @executable_path/Frameworks</string>
				<key>PRODUCT_NAME</key>
				<string>$(TARGET_NAME)</string>
			</dict>
			<key>isa</key>
			<string>XCBuildConfiguration</string>
			<key>name</key>
			<string>Debug</string>
		</dict>
		<key>613A66A01A85BA390046DEB8</key>
		<dict>
			<key>buildSettings</key>
			<dict>
				<key>ASSETCATALOG_COMPILER_APPICON_NAME</key>
				<string>AppIcon</string>
				<key>INFOPLIST_FILE</key>
				<string>Example/Supporting Files/Info.plist</string>
				<key>LD_RUNPATH_SEARCH_PATHS</key>
				<string>$(inherited) @executable_path/Frameworks</string>
				<key>PRODUCT_NAME</key>
				<string>$(TARGET_NAME)</string>
			</dict>
			<key>isa</key>
			<string>XCBuildConfiguration</string>
			<key>name</key>
			<string>Release</string>
		</dict>
		<key>613A66A31A85BA390046DEB8</key>
		<dict>
			<key>buildConfigurations</key>
			<array>
				<string>613A669F1A85BA390046DEB8</string>
				<string>613A66A01A85BA390046DEB8</string>
			</array>
			<key>defaultConfigurationIsVisible</key>
			<string>0</string>
			<key>defaultConfigurationName</key>
			<string>Release</string>
			<key>isa</key>
			<string>XCConfigurationList</string>
		</dict>
		<key>613A66A51A85BAD80046DEB8</key>
		<dict>
			<key>fileEncoding</key>
			<string>4</string>
			<key>isa</key>
			<string>PBXFileReference</string>
			<key>lastKnownFileType</key>
			<string>sourcecode.swift</string>
			<key>path</key>
			<string>SwiftEventBus.swift</string>
			<key>sourceTree</key>
			<string>&lt;group&gt;</string>
		</dict>
		<key>613A66A61A85BAD80046DEB8</key>
		<dict>
			<key>fileRef</key>
			<string>613A66A51A85BAD80046DEB8</string>
			<key>isa</key>
			<string>PBXBuildFile</string>
		</dict>
		<key>613A66AC1A85BC770046DEB8</key>
		<dict>
			<key>containerPortal</key>
			<string>6195C53A1A85B9AA00E83058</string>
			<key>isa</key>
			<string>PBXContainerItemProxy</string>
			<key>proxyType</key>
			<string>1</string>
			<key>remoteGlobalIDString</key>
			<string>6195C5421A85B9AB00E83058</string>
			<key>remoteInfo</key>
			<string>EventBus</string>
		</dict>
		<key>613A66AD1A85BC770046DEB8</key>
		<dict>
			<key>isa</key>
			<string>PBXTargetDependency</string>
			<key>target</key>
			<string>6195C5421A85B9AB00E83058</string>
			<key>targetProxy</key>
			<string>613A66AC1A85BC770046DEB8</string>
		</dict>
		<key>613A66AE1A85BCE40046DEB8</key>
		<dict>
			<key>fileRef</key>
			<string>6195C5431A85B9AB00E83058</string>
			<key>isa</key>
			<string>PBXBuildFile</string>
		</dict>
		<key>6195C5391A85B9AA00E83058</key>
		<dict>
			<key>children</key>
			<array>
				<string>6195C5451A85B9AB00E83058</string>
				<string>6195C5521A85B9AB00E83058</string>
				<string>613A66841A85BA390046DEB8</string>
				<string>6195C5441A85B9AB00E83058</string>
				<string>CE592E1FB23AC1C56647CAC8</string>
				<string>E6A35EA15BB88700A185CC56</string>
			</array>
			<key>isa</key>
			<string>PBXGroup</string>
			<key>sourceTree</key>
			<string>&lt;group&gt;</string>
		</dict>
		<key>6195C53A1A85B9AA00E83058</key>
		<dict>
			<key>attributes</key>
			<dict>
				<key>LastUpgradeCheck</key>
				<string>0610</string>
				<key>ORGANIZATIONNAME</key>
				<string>cesarferreira</string>
				<key>TargetAttributes</key>
				<dict>
					<key>613A66821A85BA390046DEB8</key>
					<dict>
						<key>CreatedOnToolsVersion</key>
						<string>6.1.1</string>
					</dict>
					<key>6195C5421A85B9AB00E83058</key>
					<dict>
						<key>CreatedOnToolsVersion</key>
						<string>6.1.1</string>
					</dict>
					<key>6195C54D1A85B9AB00E83058</key>
					<dict>
						<key>CreatedOnToolsVersion</key>
						<string>6.1.1</string>
					</dict>
				</dict>
			</dict>
			<key>buildConfigurationList</key>
			<string>6195C53D1A85B9AA00E83058</string>
			<key>compatibilityVersion</key>
			<string>Xcode 3.2</string>
			<key>developmentRegion</key>
			<string>English</string>
			<key>hasScannedForEncodings</key>
			<string>0</string>
			<key>isa</key>
			<string>PBXProject</string>
			<key>knownRegions</key>
			<array>
				<string>en</string>
				<string>Base</string>
			</array>
			<key>mainGroup</key>
			<string>6195C5391A85B9AA00E83058</string>
			<key>productRefGroup</key>
			<string>6195C5441A85B9AB00E83058</string>
			<key>projectDirPath</key>
			<string></string>
			<key>projectReferences</key>
			<array/>
			<key>projectRoot</key>
			<string></string>
			<key>targets</key>
			<array>
				<string>6195C5421A85B9AB00E83058</string>
				<string>6195C54D1A85B9AB00E83058</string>
				<string>613A66821A85BA390046DEB8</string>
			</array>
		</dict>
		<key>6195C53D1A85B9AA00E83058</key>
		<dict>
			<key>buildConfigurations</key>
			<array>
				<string>6195C5571A85B9AB00E83058</string>
				<string>6195C5581A85B9AB00E83058</string>
			</array>
			<key>defaultConfigurationIsVisible</key>
			<string>0</string>
			<key>defaultConfigurationName</key>
			<string>Release</string>
			<key>isa</key>
			<string>XCConfigurationList</string>
		</dict>
		<key>6195C53E1A85B9AB00E83058</key>
		<dict>
			<key>buildActionMask</key>
			<string>2147483647</string>
			<key>files</key>
			<array>
				<string>613A66A61A85BAD80046DEB8</string>
			</array>
			<key>isa</key>
			<string>PBXSourcesBuildPhase</string>
			<key>runOnlyForDeploymentPostprocessing</key>
			<string>0</string>
		</dict>
		<key>6195C53F1A85B9AB00E83058</key>
		<dict>
			<key>buildActionMask</key>
			<string>2147483647</string>
			<key>files</key>
			<array>
				<string>26283840F00D2CC427A85EA0</string>
			</array>
			<key>isa</key>
			<string>PBXFrameworksBuildPhase</string>
			<key>runOnlyForDeploymentPostprocessing</key>
			<string>0</string>
		</dict>
		<key>6195C5401A85B9AB00E83058</key>
		<dict>
			<key>buildActionMask</key>
			<string>2147483647</string>
			<key>files</key>
			<array>
				<string>6195C5491A85B9AB00E83058</string>
			</array>
			<key>isa</key>
			<string>PBXHeadersBuildPhase</string>
			<key>runOnlyForDeploymentPostprocessing</key>
			<string>0</string>
		</dict>
		<key>6195C5411A85B9AB00E83058</key>
		<dict>
			<key>buildActionMask</key>
			<string>2147483647</string>
			<key>files</key>
			<array/>
			<key>isa</key>
			<string>PBXResourcesBuildPhase</string>
			<key>runOnlyForDeploymentPostprocessing</key>
			<string>0</string>
		</dict>
		<key>6195C5421A85B9AB00E83058</key>
		<dict>
			<key>buildConfigurationList</key>
			<string>6195C5591A85B9AB00E83058</string>
			<key>buildPhases</key>
			<array>
				<string>B6BEC03250175B8FCF5541BB</string>
				<string>6195C53E1A85B9AB00E83058</string>
				<string>6195C53F1A85B9AB00E83058</string>
				<string>6195C5401A85B9AB00E83058</string>
				<string>6195C5411A85B9AB00E83058</string>
				<string>F10683C1F4C45113BF3787DF</string>
				<string>C8058E118ECF4169ABEFB67B</string>
			</array>
			<key>buildRules</key>
			<array/>
			<key>dependencies</key>
			<array/>
			<key>isa</key>
			<string>PBXNativeTarget</string>
			<key>name</key>
			<string>SwiftEventBus</string>
			<key>productName</key>
			<string>EventBus</string>
			<key>productReference</key>
			<string>6195C5431A85B9AB00E83058</string>
			<key>productType</key>
			<string>com.apple.product-type.framework</string>
		</dict>
		<key>6195C5431A85B9AB00E83058</key>
		<dict>
			<key>explicitFileType</key>
			<string>wrapper.framework</string>
			<key>includeInIndex</key>
			<string>0</string>
			<key>isa</key>
			<string>PBXFileReference</string>
			<key>path</key>
			<string>SwiftEventBus.framework</string>
			<key>sourceTree</key>
			<string>BUILT_PRODUCTS_DIR</string>
		</dict>
		<key>6195C5441A85B9AB00E83058</key>
		<dict>
			<key>children</key>
			<array>
				<string>6195C5431A85B9AB00E83058</string>
				<string>6195C54E1A85B9AB00E83058</string>
				<string>613A66831A85BA390046DEB8</string>
			</array>
			<key>isa</key>
			<string>PBXGroup</string>
			<key>name</key>
			<string>Products</string>
			<key>sourceTree</key>
			<string>&lt;group&gt;</string>
		</dict>
		<key>6195C5451A85B9AB00E83058</key>
		<dict>
			<key>children</key>
			<array>
				<string>613A66A51A85BAD80046DEB8</string>
				<string>6195C5481A85B9AB00E83058</string>
				<string>6195C5461A85B9AB00E83058</string>
			</array>
			<key>isa</key>
			<string>PBXGroup</string>
			<key>path</key>
			<string>SwiftEventBus</string>
			<key>sourceTree</key>
			<string>&lt;group&gt;</string>
		</dict>
		<key>6195C5461A85B9AB00E83058</key>
		<dict>
			<key>children</key>
			<array>
				<string>6195C5471A85B9AB00E83058</string>
			</array>
			<key>isa</key>
			<string>PBXGroup</string>
			<key>path</key>
			<string>Supporting Files</string>
			<key>sourceTree</key>
			<string>&lt;group&gt;</string>
		</dict>
		<key>6195C5471A85B9AB00E83058</key>
		<dict>
			<key>isa</key>
			<string>PBXFileReference</string>
			<key>lastKnownFileType</key>
			<string>text.plist.xml</string>
			<key>path</key>
			<string>Info.plist</string>
			<key>sourceTree</key>
			<string>&lt;group&gt;</string>
		</dict>
		<key>6195C5481A85B9AB00E83058</key>
		<dict>
			<key>isa</key>
			<string>PBXFileReference</string>
			<key>lastKnownFileType</key>
			<string>sourcecode.c.h</string>
			<key>path</key>
			<string>SwiftEventBus.h</string>
			<key>sourceTree</key>
			<string>&lt;group&gt;</string>
		</dict>
		<key>6195C5491A85B9AB00E83058</key>
		<dict>
			<key>fileRef</key>
			<string>6195C5481A85B9AB00E83058</string>
			<key>isa</key>
			<string>PBXBuildFile</string>
			<key>settings</key>
			<dict>
				<key>ATTRIBUTES</key>
				<array>
					<string>Public</string>
				</array>
			</dict>
		</dict>
		<key>6195C54A1A85B9AB00E83058</key>
		<dict>
			<key>buildActionMask</key>
			<string>2147483647</string>
			<key>files</key>
			<array>
				<string>6195C5561A85B9AB00E83058</string>
			</array>
			<key>isa</key>
			<string>PBXSourcesBuildPhase</string>
			<key>runOnlyForDeploymentPostprocessing</key>
			<string>0</string>
		</dict>
		<key>6195C54B1A85B9AB00E83058</key>
		<dict>
			<key>buildActionMask</key>
			<string>2147483647</string>
			<key>files</key>
			<array>
				<string>6195C54F1A85B9AB00E83058</string>
			</array>
			<key>isa</key>
			<string>PBXFrameworksBuildPhase</string>
			<key>runOnlyForDeploymentPostprocessing</key>
			<string>0</string>
		</dict>
		<key>6195C54C1A85B9AB00E83058</key>
		<dict>
			<key>buildActionMask</key>
			<string>2147483647</string>
			<key>files</key>
			<array/>
			<key>isa</key>
			<string>PBXResourcesBuildPhase</string>
			<key>runOnlyForDeploymentPostprocessing</key>
			<string>0</string>
		</dict>
		<key>6195C54D1A85B9AB00E83058</key>
		<dict>
			<key>buildConfigurationList</key>
			<string>6195C55C1A85B9AB00E83058</string>
			<key>buildPhases</key>
			<array>
				<string>6195C54A1A85B9AB00E83058</string>
				<string>6195C54B1A85B9AB00E83058</string>
				<string>6195C54C1A85B9AB00E83058</string>
			</array>
			<key>buildRules</key>
			<array/>
			<key>dependencies</key>
			<array>
				<string>6195C5511A85B9AB00E83058</string>
			</array>
			<key>isa</key>
			<string>PBXNativeTarget</string>
			<key>name</key>
			<string>SwiftEventBusTests</string>
			<key>productName</key>
			<string>EventBusTests</string>
			<key>productReference</key>
			<string>6195C54E1A85B9AB00E83058</string>
			<key>productType</key>
			<string>com.apple.product-type.bundle.unit-test</string>
		</dict>
		<key>6195C54E1A85B9AB00E83058</key>
		<dict>
			<key>explicitFileType</key>
			<string>wrapper.cfbundle</string>
			<key>includeInIndex</key>
			<string>0</string>
			<key>isa</key>
			<string>PBXFileReference</string>
			<key>path</key>
			<string>SwiftEventBusTests.xctest</string>
			<key>sourceTree</key>
			<string>BUILT_PRODUCTS_DIR</string>
		</dict>
		<key>6195C54F1A85B9AB00E83058</key>
		<dict>
			<key>fileRef</key>
			<string>6195C5431A85B9AB00E83058</string>
			<key>isa</key>
			<string>PBXBuildFile</string>
		</dict>
		<key>6195C5501A85B9AB00E83058</key>
		<dict>
			<key>containerPortal</key>
			<string>6195C53A1A85B9AA00E83058</string>
			<key>isa</key>
			<string>PBXContainerItemProxy</string>
			<key>proxyType</key>
			<string>1</string>
			<key>remoteGlobalIDString</key>
			<string>6195C5421A85B9AB00E83058</string>
			<key>remoteInfo</key>
			<string>EventBus</string>
		</dict>
		<key>6195C5511A85B9AB00E83058</key>
		<dict>
			<key>isa</key>
			<string>PBXTargetDependency</string>
			<key>target</key>
			<string>6195C5421A85B9AB00E83058</string>
			<key>targetProxy</key>
			<string>6195C5501A85B9AB00E83058</string>
		</dict>
		<key>6195C5521A85B9AB00E83058</key>
		<dict>
			<key>children</key>
			<array>
				<string>6195C5551A85B9AB00E83058</string>
				<string>6195C5531A85B9AB00E83058</string>
			</array>
			<key>isa</key>
			<string>PBXGroup</string>
			<key>path</key>
			<string>SwiftEventBusTests</string>
			<key>sourceTree</key>
			<string>&lt;group&gt;</string>
		</dict>
		<key>6195C5531A85B9AB00E83058</key>
		<dict>
			<key>children</key>
			<array>
				<string>6195C5541A85B9AB00E83058</string>
			</array>
			<key>isa</key>
			<string>PBXGroup</string>
			<key>path</key>
			<string>Supporting Files</string>
			<key>sourceTree</key>
			<string>&lt;group&gt;</string>
		</dict>
		<key>6195C5541A85B9AB00E83058</key>
		<dict>
			<key>isa</key>
			<string>PBXFileReference</string>
			<key>lastKnownFileType</key>
			<string>text.plist.xml</string>
			<key>path</key>
			<string>Info.plist</string>
			<key>sourceTree</key>
			<string>&lt;group&gt;</string>
		</dict>
		<key>6195C5551A85B9AB00E83058</key>
		<dict>
			<key>isa</key>
			<string>PBXFileReference</string>
			<key>lastKnownFileType</key>
			<string>sourcecode.swift</string>
			<key>path</key>
			<string>EventBusTests.swift</string>
			<key>sourceTree</key>
			<string>&lt;group&gt;</string>
		</dict>
		<key>6195C5561A85B9AB00E83058</key>
		<dict>
			<key>fileRef</key>
			<string>6195C5551A85B9AB00E83058</string>
			<key>isa</key>
			<string>PBXBuildFile</string>
		</dict>
		<key>6195C5571A85B9AB00E83058</key>
		<dict>
			<key>buildSettings</key>
			<dict>
				<key>ALWAYS_SEARCH_USER_PATHS</key>
				<string>NO</string>
				<key>CLANG_CXX_LANGUAGE_STANDARD</key>
				<string>gnu++0x</string>
				<key>CLANG_CXX_LIBRARY</key>
				<string>libc++</string>
				<key>CLANG_ENABLE_MODULES</key>
				<string>YES</string>
				<key>CLANG_ENABLE_OBJC_ARC</key>
				<string>YES</string>
				<key>CLANG_WARN_BOOL_CONVERSION</key>
				<string>YES</string>
				<key>CLANG_WARN_CONSTANT_CONVERSION</key>
				<string>YES</string>
				<key>CLANG_WARN_DIRECT_OBJC_ISA_USAGE</key>
				<string>YES_ERROR</string>
				<key>CLANG_WARN_EMPTY_BODY</key>
				<string>YES</string>
				<key>CLANG_WARN_ENUM_CONVERSION</key>
				<string>YES</string>
				<key>CLANG_WARN_INT_CONVERSION</key>
				<string>YES</string>
				<key>CLANG_WARN_OBJC_ROOT_CLASS</key>
				<string>YES_ERROR</string>
				<key>CLANG_WARN_UNREACHABLE_CODE</key>
				<string>YES</string>
				<key>CLANG_WARN__DUPLICATE_METHOD_MATCH</key>
				<string>YES</string>
				<key>CODE_SIGN_IDENTITY[sdk=iphoneos*]</key>
				<string>iPhone Developer</string>
				<key>COPY_PHASE_STRIP</key>
				<string>NO</string>
				<key>CURRENT_PROJECT_VERSION</key>
				<string>1</string>
				<key>ENABLE_STRICT_OBJC_MSGSEND</key>
				<string>YES</string>
				<key>GCC_C_LANGUAGE_STANDARD</key>
				<string>gnu99</string>
				<key>GCC_DYNAMIC_NO_PIC</key>
				<string>NO</string>
				<key>GCC_OPTIMIZATION_LEVEL</key>
				<string>0</string>
				<key>GCC_PREPROCESSOR_DEFINITIONS</key>
				<array>
					<string>DEBUG=1</string>
					<string>$(inherited)</string>
				</array>
				<key>GCC_SYMBOLS_PRIVATE_EXTERN</key>
				<string>NO</string>
				<key>GCC_WARN_64_TO_32_BIT_CONVERSION</key>
				<string>YES</string>
				<key>GCC_WARN_ABOUT_RETURN_TYPE</key>
				<string>YES_ERROR</string>
				<key>GCC_WARN_UNDECLARED_SELECTOR</key>
				<string>YES</string>
				<key>GCC_WARN_UNINITIALIZED_AUTOS</key>
				<string>YES_AGGRESSIVE</string>
				<key>GCC_WARN_UNUSED_FUNCTION</key>
				<string>YES</string>
				<key>GCC_WARN_UNUSED_VARIABLE</key>
				<string>YES</string>
				<key>IPHONEOS_DEPLOYMENT_TARGET</key>
				<string>8.1</string>
				<key>MTL_ENABLE_DEBUG_INFO</key>
				<string>YES</string>
				<key>ONLY_ACTIVE_ARCH</key>
				<string>YES</string>
				<key>SDKROOT</key>
				<string>iphoneos</string>
				<key>SWIFT_OPTIMIZATION_LEVEL</key>
				<string>-Onone</string>
				<key>TARGETED_DEVICE_FAMILY</key>
				<string>1,2</string>
				<key>VERSIONING_SYSTEM</key>
				<string>apple-generic</string>
				<key>VERSION_INFO_PREFIX</key>
				<string></string>
			</dict>
			<key>isa</key>
			<string>XCBuildConfiguration</string>
			<key>name</key>
			<string>Debug</string>
		</dict>
		<key>6195C5581A85B9AB00E83058</key>
		<dict>
			<key>buildSettings</key>
			<dict>
				<key>ALWAYS_SEARCH_USER_PATHS</key>
				<string>NO</string>
				<key>CLANG_CXX_LANGUAGE_STANDARD</key>
				<string>gnu++0x</string>
				<key>CLANG_CXX_LIBRARY</key>
				<string>libc++</string>
				<key>CLANG_ENABLE_MODULES</key>
				<string>YES</string>
				<key>CLANG_ENABLE_OBJC_ARC</key>
				<string>YES</string>
				<key>CLANG_WARN_BOOL_CONVERSION</key>
				<string>YES</string>
				<key>CLANG_WARN_CONSTANT_CONVERSION</key>
				<string>YES</string>
				<key>CLANG_WARN_DIRECT_OBJC_ISA_USAGE</key>
				<string>YES_ERROR</string>
				<key>CLANG_WARN_EMPTY_BODY</key>
				<string>YES</string>
				<key>CLANG_WARN_ENUM_CONVERSION</key>
				<string>YES</string>
				<key>CLANG_WARN_INT_CONVERSION</key>
				<string>YES</string>
				<key>CLANG_WARN_OBJC_ROOT_CLASS</key>
				<string>YES_ERROR</string>
				<key>CLANG_WARN_UNREACHABLE_CODE</key>
				<string>YES</string>
				<key>CLANG_WARN__DUPLICATE_METHOD_MATCH</key>
				<string>YES</string>
				<key>CODE_SIGN_IDENTITY[sdk=iphoneos*]</key>
				<string>iPhone Developer</string>
				<key>COPY_PHASE_STRIP</key>
				<string>YES</string>
				<key>CURRENT_PROJECT_VERSION</key>
				<string>1</string>
				<key>ENABLE_NS_ASSERTIONS</key>
				<string>NO</string>
				<key>ENABLE_STRICT_OBJC_MSGSEND</key>
				<string>YES</string>
				<key>GCC_C_LANGUAGE_STANDARD</key>
				<string>gnu99</string>
				<key>GCC_WARN_64_TO_32_BIT_CONVERSION</key>
				<string>YES</string>
				<key>GCC_WARN_ABOUT_RETURN_TYPE</key>
				<string>YES_ERROR</string>
				<key>GCC_WARN_UNDECLARED_SELECTOR</key>
				<string>YES</string>
				<key>GCC_WARN_UNINITIALIZED_AUTOS</key>
				<string>YES_AGGRESSIVE</string>
				<key>GCC_WARN_UNUSED_FUNCTION</key>
				<string>YES</string>
				<key>GCC_WARN_UNUSED_VARIABLE</key>
				<string>YES</string>
				<key>IPHONEOS_DEPLOYMENT_TARGET</key>
				<string>8.1</string>
				<key>MTL_ENABLE_DEBUG_INFO</key>
				<string>NO</string>
				<key>SDKROOT</key>
				<string>iphoneos</string>
				<key>TARGETED_DEVICE_FAMILY</key>
				<string>1,2</string>
				<key>VALIDATE_PRODUCT</key>
				<string>YES</string>
				<key>VERSIONING_SYSTEM</key>
				<string>apple-generic</string>
				<key>VERSION_INFO_PREFIX</key>
				<string></string>
			</dict>
			<key>isa</key>
			<string>XCBuildConfiguration</string>
			<key>name</key>
			<string>Release</string>
		</dict>
		<key>6195C5591A85B9AB00E83058</key>
		<dict>
			<key>buildConfigurations</key>
			<array>
				<string>6195C55A1A85B9AB00E83058</string>
				<string>6195C55B1A85B9AB00E83058</string>
			</array>
			<key>defaultConfigurationIsVisible</key>
			<string>0</string>
			<key>defaultConfigurationName</key>
			<string>Release</string>
			<key>isa</key>
			<string>XCConfigurationList</string>
		</dict>
		<key>6195C55A1A85B9AB00E83058</key>
		<dict>
			<key>baseConfigurationReference</key>
			<string>158700A83D7FBBA5946F29F4</string>
			<key>buildSettings</key>
			<dict>
				<key>CLANG_ENABLE_MODULES</key>
				<string>YES</string>
				<key>DEFINES_MODULE</key>
				<string>YES</string>
				<key>DYLIB_COMPATIBILITY_VERSION</key>
				<string>1</string>
				<key>DYLIB_CURRENT_VERSION</key>
				<string>1</string>
				<key>DYLIB_INSTALL_NAME_BASE</key>
				<string>@rpath</string>
				<key>INFOPLIST_FILE</key>
				<string>SwiftEventBus/Supporting Files/Info.plist</string>
				<key>INSTALL_PATH</key>
				<string>$(LOCAL_LIBRARY_DIR)/Frameworks</string>
				<key>LD_RUNPATH_SEARCH_PATHS</key>
				<string>$(inherited) @executable_path/Frameworks @loader_path/Frameworks</string>
				<key>PRODUCT_NAME</key>
				<string>SwiftEventBus</string>
				<key>SKIP_INSTALL</key>
				<string>YES</string>
				<key>SWIFT_OPTIMIZATION_LEVEL</key>
				<string>-Onone</string>
			</dict>
			<key>isa</key>
			<string>XCBuildConfiguration</string>
			<key>name</key>
			<string>Debug</string>
		</dict>
		<key>6195C55B1A85B9AB00E83058</key>
		<dict>
			<key>baseConfigurationReference</key>
			<string>83CD738C74C64372C6858E71</string>
			<key>buildSettings</key>
			<dict>
				<key>CLANG_ENABLE_MODULES</key>
				<string>YES</string>
				<key>DEFINES_MODULE</key>
				<string>YES</string>
				<key>DYLIB_COMPATIBILITY_VERSION</key>
				<string>1</string>
				<key>DYLIB_CURRENT_VERSION</key>
				<string>1</string>
				<key>DYLIB_INSTALL_NAME_BASE</key>
				<string>@rpath</string>
				<key>INFOPLIST_FILE</key>
				<string>SwiftEventBus/Supporting Files/Info.plist</string>
				<key>INSTALL_PATH</key>
				<string>$(LOCAL_LIBRARY_DIR)/Frameworks</string>
				<key>LD_RUNPATH_SEARCH_PATHS</key>
				<string>$(inherited) @executable_path/Frameworks @loader_path/Frameworks</string>
				<key>PRODUCT_NAME</key>
				<string>SwiftEventBus</string>
				<key>SKIP_INSTALL</key>
				<string>YES</string>
			</dict>
			<key>isa</key>
			<string>XCBuildConfiguration</string>
			<key>name</key>
			<string>Release</string>
		</dict>
		<key>6195C55C1A85B9AB00E83058</key>
		<dict>
			<key>buildConfigurations</key>
			<array>
				<string>6195C55D1A85B9AB00E83058</string>
				<string>6195C55E1A85B9AB00E83058</string>
			</array>
			<key>defaultConfigurationIsVisible</key>
			<string>0</string>
			<key>defaultConfigurationName</key>
			<string>Release</string>
			<key>isa</key>
			<string>XCConfigurationList</string>
		</dict>
		<key>6195C55D1A85B9AB00E83058</key>
		<dict>
			<key>buildSettings</key>
			<dict>
				<key>FRAMEWORK_SEARCH_PATHS</key>
				<array>
					<string>$(SDKROOT)/Developer/Library/Frameworks</string>
					<string>$(inherited)</string>
				</array>
				<key>GCC_PREPROCESSOR_DEFINITIONS</key>
				<array>
					<string>DEBUG=1</string>
					<string>$(inherited)</string>
				</array>
				<key>INFOPLIST_FILE</key>
				<string>SwiftEventBusTests/Supporting Files/Info.plist</string>
				<key>LD_RUNPATH_SEARCH_PATHS</key>
				<string>$(inherited) @executable_path/Frameworks @loader_path/Frameworks</string>
				<key>PRODUCT_NAME</key>
				<string>SwiftEventBusTests</string>
			</dict>
			<key>isa</key>
			<string>XCBuildConfiguration</string>
			<key>name</key>
			<string>Debug</string>
		</dict>
		<key>6195C55E1A85B9AB00E83058</key>
		<dict>
			<key>buildSettings</key>
			<dict>
				<key>FRAMEWORK_SEARCH_PATHS</key>
				<array>
					<string>$(SDKROOT)/Developer/Library/Frameworks</string>
					<string>$(inherited)</string>
				</array>
				<key>INFOPLIST_FILE</key>
				<string>SwiftEventBusTests/Supporting Files/Info.plist</string>
				<key>LD_RUNPATH_SEARCH_PATHS</key>
				<string>$(inherited) @executable_path/Frameworks @loader_path/Frameworks</string>
				<key>PRODUCT_NAME</key>
				<string>SwiftEventBusTests</string>
			</dict>
			<key>isa</key>
			<string>XCBuildConfiguration</string>
			<key>name</key>
			<string>Release</string>
		</dict>
		<key>61D3065A1A890C8300039AA8</key>
		<dict>
			<key>children</key>
			<array>
				<string>613A66871A85BA390046DEB8</string>
			</array>
			<key>isa</key>
			<string>PBXGroup</string>
			<key>name</key>
			<string>delegates</string>
			<key>sourceTree</key>
			<string>&lt;group&gt;</string>
		</dict>
		<key>83CD738C74C64372C6858E71</key>
		<dict>
			<key>includeInIndex</key>
			<string>1</string>
			<key>isa</key>
			<string>PBXFileReference</string>
			<key>lastKnownFileType</key>
			<string>text.xcconfig</string>
			<key>name</key>
			<string>Pods.release.xcconfig</string>
			<key>path</key>
			<string>Pods/Target Support Files/Pods/Pods.release.xcconfig</string>
			<key>sourceTree</key>
			<string>&lt;group&gt;</string>
		</dict>
		<key>B6BEC03250175B8FCF5541BB</key>
		<dict>
			<key>buildActionMask</key>
			<string>2147483647</string>
			<key>files</key>
			<array/>
			<key>inputPaths</key>
			<array/>
			<key>isa</key>
			<string>PBXShellScriptBuildPhase</string>
			<key>name</key>
			<string>Check Pods Manifest.lock</string>
			<key>outputPaths</key>
			<array/>
			<key>runOnlyForDeploymentPostprocessing</key>
			<string>0</string>
			<key>shellPath</key>
			<string>/bin/sh</string>
			<key>shellScript</key>
			<string>diff "${PODS_ROOT}/../Podfile.lock" "${PODS_ROOT}/Manifest.lock" &gt; /dev/null
if [[ $? != 0 ]] ; then
    cat &lt;&lt; EOM
error: The sandbox is not in sync with the Podfile.lock. Run 'pod install' or update your CocoaPods installation.
EOM
    exit 1
fi
</string>
			<key>showEnvVarsInLog</key>
			<string>0</string>
		</dict>
		<key>C8058E118ECF4169ABEFB67B</key>
		<dict>
			<key>buildActionMask</key>
			<string>2147483647</string>
			<key>files</key>
			<array/>
			<key>inputPaths</key>
			<array/>
			<key>isa</key>
			<string>PBXShellScriptBuildPhase</string>
			<key>name</key>
			<string>Copy Pods Resources</string>
			<key>outputPaths</key>
			<array/>
			<key>runOnlyForDeploymentPostprocessing</key>
			<string>0</string>
			<key>shellPath</key>
			<string>/bin/sh</string>
			<key>shellScript</key>
			<string>"${SRCROOT}/Pods/Target Support Files/Pods/Pods-resources.sh"
</string>
			<key>showEnvVarsInLog</key>
			<string>0</string>
		</dict>
		<key>CE592E1FB23AC1C56647CAC8</key>
		<dict>
			<key>children</key>
			<array>
				<string>158700A83D7FBBA5946F29F4</string>
				<string>83CD738C74C64372C6858E71</string>
			</array>
			<key>isa</key>
			<string>PBXGroup</string>
			<key>name</key>
			<string>Pods</string>
			<key>sourceTree</key>
			<string>&lt;group&gt;</string>
		</dict>
		<key>E6A35EA15BB88700A185CC56</key>
		<dict>
			<key>children</key>
			<array>
				<string>F7D82590F8C5F24BE5317715</string>
			</array>
			<key>isa</key>
			<string>PBXGroup</string>
			<key>name</key>
			<string>Frameworks</string>
			<key>sourceTree</key>
			<string>&lt;group&gt;</string>
		</dict>
		<key>F10683C1F4C45113BF3787DF</key>
		<dict>
			<key>buildActionMask</key>
			<string>2147483647</string>
			<key>files</key>
			<array/>
			<key>inputPaths</key>
			<array/>
			<key>isa</key>
			<string>PBXShellScriptBuildPhase</string>
			<key>name</key>
			<string>Embed Pods Frameworks</string>
			<key>outputPaths</key>
			<array/>
			<key>runOnlyForDeploymentPostprocessing</key>
			<string>0</string>
			<key>shellPath</key>
			<string>/bin/sh</string>
			<key>shellScript</key>
			<string>"${SRCROOT}/Pods/Target Support Files/Pods/Pods-frameworks.sh"
</string>
			<key>showEnvVarsInLog</key>
			<string>0</string>
		</dict>
		<key>F7D82590F8C5F24BE5317715</key>
		<dict>
			<key>explicitFileType</key>
			<string>wrapper.framework</string>
			<key>includeInIndex</key>
			<string>0</string>
			<key>isa</key>
			<string>PBXFileReference</string>
			<key>path</key>
			<string>Pods.framework</string>
			<key>sourceTree</key>
			<string>BUILT_PRODUCTS_DIR</string>
		</dict>
	</dict>
	<key>rootObject</key>
	<string>6195C53A1A85B9AA00E83058</string>
</dict>
</plist>
